PODS:
  - bluetooth_print_plus (2.4.5):
    - Flutter
    - GSDK (= 0.0.7)
  - Flutter (1.0.0)
  - GSDK (0.0.7)
  - integration_test (0.0.1):
    - Flutter

DEPENDENCIES:
  - bluetooth_print_plus (from `.symlinks/plugins/bluetooth_print_plus/ios`)
  - Flutter (from `Flutter`)
  - integration_test (from `.symlinks/plugins/integration_test/ios`)

SPEC REPOS:
  trunk:
    - GSDK

EXTERNAL SOURCES:
  bluetooth_print_plus:
    :path: ".symlinks/plugins/bluetooth_print_plus/ios"
  Flutter:
    :path: Flutter
  integration_test:
    :path: ".symlinks/plugins/integration_test/ios"

SPEC CHECKSUMS:
  bluetooth_print_plus: 22c5271a3621795a3b3282361cd6887606d5758a
  Flutter: f04841e97a9d0b0a8025694d0796dd46242b2854
  GSDK: 65d54603da7bece31b433c0f34f8a52c4431dd08
  integration_test: 13825b8a9334a850581300559b8839134b124670

PODFILE CHECKSUM: 02caaa843f6501172c0d470d80e72f61175c8b93

COCOAPODS: 1.15.2
